{
  "name": "jffrydsr",
  "version": "0.0.2",
  "lockfileVersion": 1,
  "requires": true,
  "dependencies": {
    "pnpm": {
      "version": "5.13.6",
      "resolved": "https://registry.npmjs.org/pnpm/-/pnpm-5.13.6.tgz",
      "integrity": "sha512-dRgaf0Wqlxx5R2mZcnAklV2GCO+B0p1zD5OaCGoxRf7dlZnq7w6bjAYm51znzJEJsRmZzCMnu4drBzgMtEp32A==",
      "dev": true
    }
  }
}
